// !$*UTF8*$!
{
	archiveVersion = 1;
	classes = {
	};
	objectVersion = 46;
	objects = {

/* Begin PBXBuildFile section */
		AEFA001C1EF23DA3009A3E23 /* AppDelegate.swift in Sources */ = {isa = PBXBuildFile; fileRef = AEFA001B1EF23DA3009A3E23 /* AppDelegate.swift */; };
		AEFA001E1EF23DA3009A3E23 /* ViewController.swift in Sources */ = {isa = PBXBuildFile; fileRef = AEFA001D1EF23DA3009A3E23 /* ViewController.swift */; };
		AEFA00211EF23DA3009A3E23 /* Main.storyboard in Resources */ = {isa = PBXBuildFile; fileRef = AEFA001F1EF23DA3009A3E23 /* Main.storyboard */; };
		AEFA00231EF23DA3009A3E23 /* Assets.xcassets in Resources */ = {isa = PBXBuildFile; fileRef = AEFA00221EF23DA3009A3E23 /* Assets.xcassets */; };
		AEFA00261EF23DA3009A3E23 /* LaunchScreen.storyboard in Resources */ = {isa = PBXBuildFile; fileRef = AEFA00241EF23DA3009A3E23 /* LaunchScreen.storyboard */; };
/* End PBXBuildFile section */

/* Begin PBXFileReference section */
		AEFA00181EF23DA3009A3E23 /* Data Storing Permanently.app */ = {isa = PBXFileReference; explicitFileType = wrapper.application; includeInIndex = 0; path = "Data Storing Permanently.app"; sourceTree = BUILT_PRODUCTS_DIR; };
		AEFA001B1EF23DA3009A3E23 /* AppDelegate.swift */ = {isa = PBXFileReference; lastKnownFileType = sourcecode.swift; path = AppDelegate.swift; sourceTree = "<group>"; };
		AEFA001D1EF23DA3009A3E23 /* ViewController.swift */ = {isa = PBXFileReference; lastKnownFileType = sourcecode.swift; path = ViewController.swift; sourceTree = "<group>"; };
		AEFA00201EF23DA3009A3E23 /* Base */ = {isa = PBXFileReference; lastKnownFileType = file.storyboard; name = Base; path = Base.lproj/Main.storyboard; sourceTree = "<group>"; };
		AEFA00221EF23DA3009A3E23 /* Assets.xcassets */ = {isa = PBXFileReference; lastKnownFileType = folder.assetcatalog; path = Assets.xcassets; sourceTree = "<group>"; };
		AEFA00251EF23DA3009A3E23 /* Base */ = {isa = PBXFileReference; lastKnownFileType = file.storyboard; name = Base; path = Base.lproj/LaunchScreen.storyboard; sourceTree = "<group>"; };
		AEFA00271EF23DA3009A3E23 /* Info.plist */ = {isa = PBXFileReference; lastKnownFileType = text.plist.xml; path = Info.plist; sourceTree = "<group>"; };
/* End PBXFileReference section */

/* Begin PBXFrameworksBuildPhase section */
		AEFA00151EF23DA3009A3E23 /* Frameworks */ = {
			isa = PBXFrameworksBuildPhase;
			buildActionMask = 2147483647;
			files = (
			);
			runOnlyForDeploymentPostprocessing = 0;
		};
/* End PBXFrameworksBuildPhase section */

/* Begin PBXGroup section */
		AEFA000F1EF23DA3009A3E23 = {
			isa = PBXGroup;
			children = (
				AEFA001A1EF23DA3009A3E23 /* Data Storing Permanently */,
				AEFA00191EF23DA3009A3E23 /* Products */,
			);
			sourceTree = "<group>";
		};
		AEFA00191EF23DA3009A3E23 /* Products */ = {
			isa = PBXGroup;
			children = (
				AEFA00181EF23DA3009A3E23 /* Data Storing Permanently.app */,
			);
			name = Products;
			sourceTree = "<group>";
		};
		AEFA001A1EF23DA3009A3E23 /* Data Storing Permanently */ = {
			isa = PBXGroup;
			children = (
				AEFA001B1EF23DA3009A3E23 /* AppDelegate.swift */,
				AEFA001D1EF23DA3009A3E23 /* ViewController.swift */,
				AEFA001F1EF23DA3009A3E23 /* Main.storyboard */,
				AEFA00221EF23DA3009A3E23 /* Assets.xcassets */,
				AEFA00241EF23DA3009A3E23 /* LaunchScreen.storyboard */,
				AEFA00271EF23DA3009A3E23 /* Info.plist */,
			);
			path = "Data Storing Permanently";
			sourceTree = "<group>";
		};
/* End PBXGroup section */

/* Begin PBXNativeTarget section */
		AEFA00171EF23DA3009A3E23 /* Data Storing Permanently */ = {
			isa = PBXNativeTarget;
			buildConfigurationList = AEFA002A1EF23DA3009A3E23 /* Build configuration list for PBXNativeTarget "Data Storing Permanently" */;
			buildPhases = (
				AEFA00141EF23DA3009A3E23 /* Sources */,
				AEFA00151EF23DA3009A3E23 /* Frameworks */,
				AEFA00161EF23DA3009A3E23 /* Resources */,
			);
			buildRules = (
			);
			dependencies = (
			);
			name = "Data Storing Permanently";
			productName = "Data Storing Permanently";
			productReference = AEFA00181EF23DA3009A3E23 /* Data Storing Permanently.app */;
			productType = "com.apple.product-type.application";
		};
/* End PBXNativeTarget section */

/* Begin PBXProject section */
		AEFA00101EF23DA3009A3E23 /* Project object */ = {
			isa = PBXProject;
			attributes = {
				LastSwiftUpdateCheck = 0830;
				LastUpgradeCheck = 0830;
				ORGANIZATIONNAME = SNRU;
				TargetAttributes = {
					AEFA00171EF23DA3009A3E23 = {
						CreatedOnToolsVersion = 8.3.3;
						ProvisioningStyle = Automatic;
					};
				};
			};
			buildConfigurationList = AEFA00131EF23DA3009A3E23 /* Build configuration list for PBXProject "Data Storing Permanently" */;
			compatibilityVersion = "Xcode 3.2";
			developmentRegion = English;
			hasScannedForEncodings = 0;
			knownRegions = (
				en,
				Base,
			);
			mainGroup = AEFA000F1EF23DA3009A3E23;
			productRefGroup = AEFA00191EF23DA3009A3E23 /* Products */;
			projectDirPath = "";
			projectRoot = "";
			targets = (
				AEFA00171EF23DA3009A3E23 /* Data Storing Permanently */,
			);
		};
/* End PBXProject section */

/* Begin PBXResourcesBuildPhase section */
		AEFA00161EF23DA3009A3E23 /* Resources */ = {
			isa = PBXResourcesBuildPhase;
			buildActionMask = 2147483647;
			files = (
				AEFA00261EF23DA3009A3E23 /* LaunchScreen.storyboard in Resources */,
				AEFA00231EF23DA3009A3E23 /* Assets.xcassets in Resources */,
				AEFA00211EF23DA3009A3E23 /* Main.storyboard in Resources */,
			);
			runOnlyForDeploymentPostprocessing = 0;
		};
/* End PBXResourcesBuildPhase section */

/* Begin PBXSourcesBuildPhase section */
		AEFA00141EF23DA3009A3E23 /* Sources */ = {
			isa = PBXSourcesBuildPhase;
			buildActionMask = 2147483647;
			files = (
				AEFA001E1EF23DA3009A3E23 /* ViewController.swift in Sources */,
				AEFA001C1EF23DA3009A3E23 /* AppDelegate.swift in Sources */,
			);
			runOnlyForDeploymentPostprocessing = 0;
		};
/* End PBXSourcesBuildPhase section */

/* Begin PBXVariantGroup section */
		AEFA001F1EF23DA3009A3E23 /* Main.storyboard */ = {
			isa = PBXVariantGroup;
			children = (
				AEFA00201EF23DA3009A3E23 /* Base */,
			);
			name = Main.storyboard;
			sourceTree = "<group>";
		};
		AEFA00241EF23DA3009A3E23 /* LaunchScreen.storyboard */ = {
			isa = PBXVariantGroup;
			children = (
				AEFA00251EF23DA3009A3E23 /* Base */,
			);
			name = LaunchScreen.storyboard;
			sourceTree = "<group>";
		};
/* End PBXVariantGroup section */

/* Begin XCBuildConfiguration section */
		AEFA00281EF23DA3009A3E23 /* Debug */ = {
			isa = XCBuildConfiguration;
			buildSettings = {
				ALWAYS_SEARCH_USER_PATHS = NO;
				CLANG_ANALYZER_NONNULL = YES;
				CLANG_ANALYZER_NUMBER_OBJECT_CONVERSION = YES_AGGRESSIVE;
				CLANG_CXX_LANGUAGE_STANDARD = "gnu++0x";
				CLANG_CXX_LIBRARY = "libc++";
				CLANG_ENABLE_MODULES = YES;
				CLANG_ENABLE_OBJC_ARC = YES;
				CLANG_WARN_BOOL_CONVERSION = YES;
				CLANG_WARN_CONSTANT_CONVERSION = YES;
				CLANG_WARN_DIRECT_OBJC_ISA_USAGE = YES_ERROR;
				CLANG_WARN_DOCUMENTATION_COMMENTS = YES;
				CLANG_WARN_EMPTY_BODY = YES;
				CLANG_WARN_ENUM_CONVERSION = YES;
				CLANG_WARN_INFINITE_RECURSION = YES;
				CLANG_WARN_INT_CONVERSION = YES;
				CLANG_WARN_OBJC_ROOT_CLASS = YES_ERROR;
				CLANG_WARN_SUSPICIOUS_MOVE = YES;
				CLANG_WARN_UNREACHABLE_CODE = YES;
				CLANG_WARN__DUPLICATE_METHOD_MATCH = YES;
				"CODE_SIGN_IDENTITY[sdk=iphoneos*]" = "iPhone Developer";
				COPY_PHASE_STRIP = NO;
				DEBUG_INFORMATION_FORMAT = dwarf;
				ENABLE_STRICT_OBJC_MSGSEND = YES;
				ENABLE_TESTABILITY = YES;
				GCC_C_LANGUAGE_STANDARD = gnu99;
				GCC_DYNAMIC_NO_PIC = NO;
				GCC_NO_COMMON_BLOCKS = YES;
				GCC_OPTIMIZATION_LEVEL = 0;
				GCC_PREPROCESSOR_DEFINITIONS = (
					"DEBUG=1",
					"$(inherited)",
				);
				GCC_WARN_64_TO_32_BIT_CONVERSION = YES;
				GCC_WARN_ABOUT_RETURN_TYPE = YES_ERROR;
				GCC_WARN_UNDECLARED_SELECTOR = YES;
				GCC_WARN_UNINITIALIZED_AUTOS = YES_AGGRESSIVE;
				GCC_WARN_UNUSED_FUNCTION = YES;
				GCC_WARN_UNUSED_VARIABLE = YES;
				IPHONEOS_DEPLOYMENT_TARGET = 10.3;
				MTL_ENABLE_DEBUG_INFO = YES;
				ONLY_ACTIVE_ARCH = YES;
				SDKROOT = iphoneos;
				SWIFT_ACTIVE_COMPILATION_CONDITIONS = DEBUG;
				SWIFT_OPTIMIZATION_LEVEL = "-Onone";
				TARGETED_DEVICE_FAMILY = "1,2";
			};
			name = Debug;
		};
		AEFA00291EF23DA3009A3E23 /* Release */ = {
			isa = XCBuildConfiguration;
			buildSettings = {
				ALWAYS_SEARCH_USER_PATHS = NO;
				CLANG_ANALYZER_NONNULL = YES;
				CLANG_ANALYZER_NUMBER_OBJECT_CONVERSION = YES_AGGRESSIVE;
				CLANG_CXX_LANGUAGE_STANDARD = "gnu++0x";
				CLANG_CXX_LIBRARY = "libc++";
				CLANG_ENABLE_MODULES = YES;
				CLANG_ENABLE_OBJC_ARC = YES;
				CLANG_WARN_BOOL_CONVERSION = YES;
				CLANG_WARN_CONSTANT_CONVERSION = YES;
				CLANG_WARN_DIRECT_OBJC_ISA_USAGE = YES_ERROR;
				CLANG_WARN_DOCUMENTATION_COMMENTS = YES;
				CLANG_WARN_EMPTY_BODY = YES;
				CLANG_WARN_ENUM_CONVERSION = YES;
				CLANG_WARN_INFINITE_RECURSION = YES;
				CLANG_WARN_INT_CONVERSION = YES;
				CLANG_WARN_OBJC_ROOT_CLASS = YES_ERROR;
				CLANG_WARN_SUSPICIOUS_MOVE = YES;
				CLANG_WARN_UNREACHABLE_CODE = YES;
				CLANG_WARN__DUPLICATE_METHOD_MATCH = YES;
				"CODE_SIGN_IDENTITY[sdk=iphoneos*]" = "iPhone Developer";
				COPY_PHASE_STRIP = NO;
				DEBUG_INFORMATION_FORMAT = "dwarf-with-dsym";
				ENABLE_NS_ASSERTIONS = NO;
				ENABLE_STRICT_OBJC_MSGSEND = YES;
				GCC_C_LANGUAGE_STANDARD = gnu99;
				GCC_NO_COMMON_BLOCKS = YES;
				GCC_WARN_64_TO_32_BIT_CONVERSION = YES;
				GCC_WARN_ABOUT_RETURN_TYPE = YES_ERROR;
				GCC_WARN_UNDECLARED_SELECTOR = YES;
				GCC_WARN_UNINITIALIZED_AUTOS = YES_AGGRESSIVE;
				GCC_WARN_UNUSED_FUNCTION = YES;
				GCC_WARN_UNUSED_VARIABLE = YES;
				IPHONEOS_DEPLOYMENT_TARGET = 10.3;
				MTL_ENABLE_DEBUG_INFO = NO;
				SDKROOT = iphoneos;
				SWIFT_OPTIMIZATION_LEVEL = "-Owholemodule";
				TARGETED_DEVICE_FAMILY = "1,2";
				VALIDATE_PRODUCT = YES;
			};
			name = Release;
		};
		AEFA002B1EF23DA3009A3E23 /* Debug */ = {
			isa = XCBuildConfiguration;
			buildSettings = {
				ASSETCATALOG_COMPILER_APPICON_NAME = AppIcon;
				INFOPLIST_FILE = "Data Storing Permanently/Info.plist";
				LD_RUNPATH_SEARCH_PATHS = "$(inherited) @executable_path/Frameworks";
				PRODUCT_BUNDLE_IDENTIFIER = "Computer.MasterUNG.Data-Storing-Permanently";
				PRODUCT_NAME = "$(TARGET_NAME)";
				SWIFT_VERSION = 3.0;
			};
			name = Debug;
		};
		AEFA002C1EF23DA3009A3E23 /* Release */ = {
			isa = XCBuildConfiguration;
			buildSettings = {
				ASSETCATALOG_COMPILER_APPICON_NAME = AppIcon;
				INFOPLIST_FILE = "Data Storing Permanently/Info.plist";
				LD_RUNPATH_SEARCH_PATHS = "$(inherited) @executable_path/Frameworks";
				PRODUCT_BUNDLE_IDENTIFIER = "Computer.MasterUNG.Data-Storing-Permanently";
				PRODUCT_NAME = "$(TARGET_NAME)";
				SWIFT_VERSION = 3.0;
			};
			name = Release;
		};
/* End XCBuildConfiguration section */

/* Begin XCConfigurationList section */
		AEFA00131EF23DA3009A3E23 /* Build configuration list for PBXProject "Data Storing Permanently" */ = {
			isa = XCConfigurationList;
			buildConfigurations = (
				AEFA00281EF23DA3009A3E23 /* Debug */,
				AEFA00291EF23DA3009A3E23 /* Release */,
			);
			defaultConfigurationIsVisible = 0;
			defaultConfigurationName = Release;
		};
		AEFA002A1EF23DA3009A3E23 /* Build configuration list for PBXNativeTarget "Data Storing Permanently" */ = {
			isa = XCConfigurationList;
			buildConfigurations = (
				AEFA002B1EF23DA3009A3E23 /* Debug */,
				AEFA002C1EF23DA3009A3E23 /* Release */,
			);
			defaultConfigurationIsVisible = 0;
		};
/* End XCConfigurationList section */
	};
	rootObject = AEFA00101EF23DA3009A3E23 /* Project object */;
}
